
Microsoft Visual Studio Solution File, Format Version 12.00
# Visual Studio 14
VisualStudioVersion = 14.0.23107.0
MinimumVisualStudioVersion = 10.0.40219.1
Project("{FAE04EC0-301F-11D3-BF4B-00C04F79EFBC}") = "ReverseAString", "Week2Day1\ReverseAString.csproj", "{DB8291A8-1540-480C-8E2D-783232CDB965}"
EndProject
Project("{FAE04EC0-301F-11D3-BF4B-00C04F79EFBC}") = "Rectangle", "Rectangle\Rectangle.csproj", "{61DF6A33-C3A1-4780-B2D3-A8D04DCDF412}"
EndProject
Project("{FAE04EC0-301F-11D3-BF4B-00C04F79EFBC}") = "SearchInList", "SearchInList\SearchInList.csproj", "{550FC6B3-415D-4547-8CD2-FCB4FBBD504C}"
EndProject
Global
	GlobalSection(SolutionConfigurationPlatforms) = preSolution
		Debug|Any CPU = Debug|Any CPU
		Release|Any CPU = Release|Any CPU
	EndGlobalSection
	GlobalSection(ProjectConfigurationPlatforms) = postSolution
		{DB8291A8-1540-480C-8E2D-783232CDB965}.Debug|Any CPU.ActiveCfg = Debug|Any CPU
		{DB8291A8-1540-480C-8E2D-783232CDB965}.Debug|Any CPU.Build.0 = Debug|Any CPU
		{DB8291A8-1540-480C-8E2D-783232CDB965}.Release|Any CPU.ActiveCfg = Release|Any CPU
		{DB8291A8-1540-480C-8E2D-783232CDB965}.Release|Any CPU.Build.0 = Release|Any CPU
		{61DF6A33-C3A1-4780-B2D3-A8D04DCDF412}.Debug|Any CPU.ActiveCfg = Debug|Any CPU
		{61DF6A33-C3A1-4780-B2D3-A8D04DCDF412}.Debug|Any CPU.Build.0 = Debug|Any CPU
		{61DF6A33-C3A1-4780-B2D3-A8D04DCDF412}.Release|Any CPU.ActiveCfg = Release|Any CPU
		{61DF6A33-C3A1-4780-B2D3-A8D04DCDF412}.Release|Any CPU.Build.0 = Release|Any CPU
		{550FC6B3-415D-4547-8CD2-FCB4FBBD504C}.Debug|Any CPU.ActiveCfg = Debug|Any CPU
		{550FC6B3-415D-4547-8CD2-FCB4FBBD504C}.Debug|Any CPU.Build.0 = Debug|Any CPU
		{550FC6B3-415D-4547-8CD2-FCB4FBBD504C}.Release|Any CPU.ActiveCfg = Release|Any CPU
		{550FC6B3-415D-4547-8CD2-FCB4FBBD504C}.Release|Any CPU.Build.0 = Release|Any CPU
	EndGlobalSection
	GlobalSection(SolutionProperties) = preSolution
		HideSolutionNode = FALSE
	EndGlobalSection
EndGlobal
